
Microsoft Visual Studio Solution File, Format Version 12.00
Project("{FAE04EC0-301F-11D3-BF4B-00C04F79EFBC}") = "FbxSharp", "FbxSharp.csproj", "{64FAA76A-CAEA-42A3-9E23-660CFF84394B}"
EndProject
Project("{FAE04EC0-301F-11D3-BF4B-00C04F79EFBC}") = "FbxSharpTests", "FbxSharpTests\FbxSharpTests.csproj", "{06E9280F-1851-4A20-BA7C-18AAE0A809D4}"
EndProject
Project("{FAE04EC0-301F-11D3-BF4B-00C04F79EFBC}") = "TestCaseGenerator", "TestCaseGenerator\TestCaseGenerator.csproj", "{1A005A50-C3A6-4AC9-98F1-BF6C149DEF80}"
EndProject
Project("{8BC9CEB8-8B4A-11D0-8D11-00A0C91BC942}") = "FbxCppTests_vs2010_win", "FbxCppTests\FbxCppTests_vs2010_win.vcxproj", "{5CF9CF6D-8963-4BA7-AA01-6E4AA03D5BC3}"
EndProject
Project("{FAE04EC0-301F-11D3-BF4B-00C04F79EFBC}") = "FbxPrint", "FbxPrint\FbxPrint.csproj", "{520853BD-16B0-4839-AC15-7AE68124BAEA}"
EndProject
Project("{9344BDBB-3E7F-41FC-A0DD-8665D75EE146}") = "FbxCppTests", "FbxCppTests\FbxCppTests.mdproj", "{2F41F0DD-65C2-48B1-92B4-FEF787FA2F99}"
EndProject
Project("{9344BDBB-3E7F-41FC-A0DD-8665D75EE146}") = "fbxcppcommon", "fbxcppcommon\fbxcppcommon.mdproj", "{82E6B34C-BF1D-47CC-B7C8-40C54C9FD7AE}"
EndProject
Project("{9344BDBB-3E7F-41FC-A0DD-8665D75EE146}") = "fbxcppcli", "fbxcppcli\fbxcppcli.mdproj", "{0A072D6F-719D-472A-8DD3-F3C3280FFF38}"
EndProject
Global
	GlobalSection(SolutionConfigurationPlatforms) = preSolution
		Debug|Any CPU = Debug|Any CPU
		Debug|Mixed Platforms = Debug|Mixed Platforms
		Debug|Win32 = Debug|Win32
		Release|Any CPU = Release|Any CPU
		Release|Mixed Platforms = Release|Mixed Platforms
		Release|Win32 = Release|Win32
		Default|Any CPU = Default|Any CPU
	EndGlobalSection
	GlobalSection(ProjectConfigurationPlatforms) = postSolution
		{06E9280F-1851-4A20-BA7C-18AAE0A809D4}.Debug|Any CPU.ActiveCfg = Debug|Any CPU
		{06E9280F-1851-4A20-BA7C-18AAE0A809D4}.Debug|Any CPU.Build.0 = Debug|Any CPU
		{06E9280F-1851-4A20-BA7C-18AAE0A809D4}.Debug|Mixed Platforms.ActiveCfg = Debug|Any CPU
		{06E9280F-1851-4A20-BA7C-18AAE0A809D4}.Debug|Mixed Platforms.Build.0 = Debug|Any CPU
		{06E9280F-1851-4A20-BA7C-18AAE0A809D4}.Debug|Win32.ActiveCfg = Debug|Any CPU
		{06E9280F-1851-4A20-BA7C-18AAE0A809D4}.Default|Any CPU.ActiveCfg = Debug|Any CPU
		{06E9280F-1851-4A20-BA7C-18AAE0A809D4}.Default|Any CPU.Build.0 = Debug|Any CPU
		{06E9280F-1851-4A20-BA7C-18AAE0A809D4}.Release|Any CPU.ActiveCfg = Release|Any CPU
		{06E9280F-1851-4A20-BA7C-18AAE0A809D4}.Release|Any CPU.Build.0 = Release|Any CPU
		{06E9280F-1851-4A20-BA7C-18AAE0A809D4}.Release|Mixed Platforms.ActiveCfg = Release|Any CPU
		{06E9280F-1851-4A20-BA7C-18AAE0A809D4}.Release|Mixed Platforms.Build.0 = Release|Any CPU
		{06E9280F-1851-4A20-BA7C-18AAE0A809D4}.Release|Win32.ActiveCfg = Release|Any CPU
		{1A005A50-C3A6-4AC9-98F1-BF6C149DEF80}.Debug|Any CPU.ActiveCfg = Debug|Any CPU
		{1A005A50-C3A6-4AC9-98F1-BF6C149DEF80}.Debug|Any CPU.Build.0 = Debug|Any CPU
		{1A005A50-C3A6-4AC9-98F1-BF6C149DEF80}.Debug|Mixed Platforms.ActiveCfg = Debug|Any CPU
		{1A005A50-C3A6-4AC9-98F1-BF6C149DEF80}.Debug|Mixed Platforms.Build.0 = Debug|Any CPU
		{1A005A50-C3A6-4AC9-98F1-BF6C149DEF80}.Debug|Win32.ActiveCfg = Debug|Any CPU
		{1A005A50-C3A6-4AC9-98F1-BF6C149DEF80}.Default|Any CPU.ActiveCfg = Debug|Any CPU
		{1A005A50-C3A6-4AC9-98F1-BF6C149DEF80}.Default|Any CPU.Build.0 = Debug|Any CPU
		{1A005A50-C3A6-4AC9-98F1-BF6C149DEF80}.Release|Any CPU.ActiveCfg = Release|Any CPU
		{1A005A50-C3A6-4AC9-98F1-BF6C149DEF80}.Release|Any CPU.Build.0 = Release|Any CPU
		{1A005A50-C3A6-4AC9-98F1-BF6C149DEF80}.Release|Mixed Platforms.ActiveCfg = Release|Any CPU
		{1A005A50-C3A6-4AC9-98F1-BF6C149DEF80}.Release|Mixed Platforms.Build.0 = Release|Any CPU
		{1A005A50-C3A6-4AC9-98F1-BF6C149DEF80}.Release|Win32.ActiveCfg = Release|Any CPU
		{2F41F0DD-65C2-48B1-92B4-FEF787FA2F99}.Debug|Any CPU.ActiveCfg = Default|Any CPU
		{2F41F0DD-65C2-48B1-92B4-FEF787FA2F99}.Debug|Any CPU.Build.0 = Default|Any CPU
		{2F41F0DD-65C2-48B1-92B4-FEF787FA2F99}.Debug|Mixed Platforms.ActiveCfg = Default|Any CPU
		{2F41F0DD-65C2-48B1-92B4-FEF787FA2F99}.Debug|Mixed Platforms.Build.0 = Default|Any CPU
		{2F41F0DD-65C2-48B1-92B4-FEF787FA2F99}.Debug|Win32.ActiveCfg = Default|Any CPU
		{2F41F0DD-65C2-48B1-92B4-FEF787FA2F99}.Debug|Win32.Build.0 = Default|Any CPU
		{2F41F0DD-65C2-48B1-92B4-FEF787FA2F99}.Default|Any CPU.ActiveCfg = Default|Any CPU
		{2F41F0DD-65C2-48B1-92B4-FEF787FA2F99}.Default|Any CPU.Build.0 = Default|Any CPU
		{2F41F0DD-65C2-48B1-92B4-FEF787FA2F99}.Release|Any CPU.ActiveCfg = Default|Any CPU
		{2F41F0DD-65C2-48B1-92B4-FEF787FA2F99}.Release|Any CPU.Build.0 = Default|Any CPU
		{2F41F0DD-65C2-48B1-92B4-FEF787FA2F99}.Release|Mixed Platforms.ActiveCfg = Default|Any CPU
		{2F41F0DD-65C2-48B1-92B4-FEF787FA2F99}.Release|Mixed Platforms.Build.0 = Default|Any CPU
		{2F41F0DD-65C2-48B1-92B4-FEF787FA2F99}.Release|Win32.ActiveCfg = Default|Any CPU
		{2F41F0DD-65C2-48B1-92B4-FEF787FA2F99}.Release|Win32.Build.0 = Default|Any CPU
		{520853BD-16B0-4839-AC15-7AE68124BAEA}.Debug|Any CPU.ActiveCfg = Debug|Any CPU
		{520853BD-16B0-4839-AC15-7AE68124BAEA}.Debug|Any CPU.Build.0 = Debug|Any CPU
		{520853BD-16B0-4839-AC15-7AE68124BAEA}.Debug|Mixed Platforms.ActiveCfg = Debug|Any CPU
		{520853BD-16B0-4839-AC15-7AE68124BAEA}.Debug|Mixed Platforms.Build.0 = Debug|Any CPU
		{520853BD-16B0-4839-AC15-7AE68124BAEA}.Debug|Win32.ActiveCfg = Debug|Any CPU
		{520853BD-16B0-4839-AC15-7AE68124BAEA}.Debug|Win32.Build.0 = Debug|Any CPU
		{520853BD-16B0-4839-AC15-7AE68124BAEA}.Default|Any CPU.ActiveCfg = Debug|Any CPU
		{520853BD-16B0-4839-AC15-7AE68124BAEA}.Default|Any CPU.Build.0 = Debug|Any CPU
		{520853BD-16B0-4839-AC15-7AE68124BAEA}.Release|Any CPU.ActiveCfg = Release|Any CPU
		{520853BD-16B0-4839-AC15-7AE68124BAEA}.Release|Any CPU.Build.0 = Release|Any CPU
		{520853BD-16B0-4839-AC15-7AE68124BAEA}.Release|Mixed Platforms.ActiveCfg = Release|Any CPU
		{520853BD-16B0-4839-AC15-7AE68124BAEA}.Release|Mixed Platforms.Build.0 = Release|Any CPU
		{520853BD-16B0-4839-AC15-7AE68124BAEA}.Release|Win32.ActiveCfg = Release|Any CPU
		{520853BD-16B0-4839-AC15-7AE68124BAEA}.Release|Win32.Build.0 = Release|Any CPU
		{5CF9CF6D-8963-4BA7-AA01-6E4AA03D5BC3}.Debug|Any CPU.ActiveCfg = Debug|Win32
		{5CF9CF6D-8963-4BA7-AA01-6E4AA03D5BC3}.Debug|Mixed Platforms.ActiveCfg = Debug|Win32
		{5CF9CF6D-8963-4BA7-AA01-6E4AA03D5BC3}.Debug|Mixed Platforms.Build.0 = Debug|Win32
		{5CF9CF6D-8963-4BA7-AA01-6E4AA03D5BC3}.Debug|Win32.ActiveCfg = Debug|Win32
		{5CF9CF6D-8963-4BA7-AA01-6E4AA03D5BC3}.Debug|Win32.Build.0 = Debug|Win32
		{5CF9CF6D-8963-4BA7-AA01-6E4AA03D5BC3}.Default|Any CPU.ActiveCfg = Debug|Win32
		{5CF9CF6D-8963-4BA7-AA01-6E4AA03D5BC3}.Default|Any CPU.Build.0 = Debug|Win32
		{5CF9CF6D-8963-4BA7-AA01-6E4AA03D5BC3}.Release|Any CPU.ActiveCfg = Release|Win32
		{5CF9CF6D-8963-4BA7-AA01-6E4AA03D5BC3}.Release|Mixed Platforms.ActiveCfg = Release|Win32
		{5CF9CF6D-8963-4BA7-AA01-6E4AA03D5BC3}.Release|Mixed Platforms.Build.0 = Release|Win32
		{5CF9CF6D-8963-4BA7-AA01-6E4AA03D5BC3}.Release|Win32.ActiveCfg = Release|Win32
		{5CF9CF6D-8963-4BA7-AA01-6E4AA03D5BC3}.Release|Win32.Build.0 = Release|Win32
		{64FAA76A-CAEA-42A3-9E23-660CFF84394B}.Debug|Any CPU.ActiveCfg = Debug|Any CPU
		{64FAA76A-CAEA-42A3-9E23-660CFF84394B}.Debug|Any CPU.Build.0 = Debug|Any CPU
		{64FAA76A-CAEA-42A3-9E23-660CFF84394B}.Debug|Mixed Platforms.ActiveCfg = Debug|Any CPU
		{64FAA76A-CAEA-42A3-9E23-660CFF84394B}.Debug|Mixed Platforms.Build.0 = Debug|Any CPU
		{64FAA76A-CAEA-42A3-9E23-660CFF84394B}.Debug|Win32.ActiveCfg = Debug|Any CPU
		{64FAA76A-CAEA-42A3-9E23-660CFF84394B}.Default|Any CPU.ActiveCfg = Debug|Any CPU
		{64FAA76A-CAEA-42A3-9E23-660CFF84394B}.Default|Any CPU.Build.0 = Debug|Any CPU
		{64FAA76A-CAEA-42A3-9E23-660CFF84394B}.Release|Any CPU.ActiveCfg = Release|Any CPU
		{64FAA76A-CAEA-42A3-9E23-660CFF84394B}.Release|Any CPU.Build.0 = Release|Any CPU
		{64FAA76A-CAEA-42A3-9E23-660CFF84394B}.Release|Mixed Platforms.ActiveCfg = Release|Any CPU
		{64FAA76A-CAEA-42A3-9E23-660CFF84394B}.Release|Mixed Platforms.Build.0 = Release|Any CPU
		{64FAA76A-CAEA-42A3-9E23-660CFF84394B}.Release|Win32.ActiveCfg = Release|Any CPU
		{82E6B34C-BF1D-47CC-B7C8-40C54C9FD7AE}.Debug|Any CPU.ActiveCfg = Default|Any CPU
		{82E6B34C-BF1D-47CC-B7C8-40C54C9FD7AE}.Debug|Any CPU.Build.0 = Default|Any CPU
		{82E6B34C-BF1D-47CC-B7C8-40C54C9FD7AE}.Debug|Mixed Platforms.ActiveCfg = Default|Any CPU
		{82E6B34C-BF1D-47CC-B7C8-40C54C9FD7AE}.Debug|Mixed Platforms.Build.0 = Default|Any CPU
		{82E6B34C-BF1D-47CC-B7C8-40C54C9FD7AE}.Debug|Win32.ActiveCfg = Default|Any CPU
		{82E6B34C-BF1D-47CC-B7C8-40C54C9FD7AE}.Debug|Win32.Build.0 = Default|Any CPU
		{82E6B34C-BF1D-47CC-B7C8-40C54C9FD7AE}.Release|Any CPU.ActiveCfg = Default|Any CPU
		{82E6B34C-BF1D-47CC-B7C8-40C54C9FD7AE}.Release|Any CPU.Build.0 = Default|Any CPU
		{82E6B34C-BF1D-47CC-B7C8-40C54C9FD7AE}.Release|Mixed Platforms.ActiveCfg = Default|Any CPU
		{82E6B34C-BF1D-47CC-B7C8-40C54C9FD7AE}.Release|Mixed Platforms.Build.0 = Default|Any CPU
		{82E6B34C-BF1D-47CC-B7C8-40C54C9FD7AE}.Release|Win32.ActiveCfg = Default|Any CPU
		{82E6B34C-BF1D-47CC-B7C8-40C54C9FD7AE}.Release|Win32.Build.0 = Default|Any CPU
		{82E6B34C-BF1D-47CC-B7C8-40C54C9FD7AE}.Default|Any CPU.ActiveCfg = Default|Any CPU
		{82E6B34C-BF1D-47CC-B7C8-40C54C9FD7AE}.Default|Any CPU.Build.0 = Default|Any CPU
		{0A072D6F-719D-472A-8DD3-F3C3280FFF38}.Debug|Any CPU.ActiveCfg = Default|Any CPU
		{0A072D6F-719D-472A-8DD3-F3C3280FFF38}.Debug|Any CPU.Build.0 = Default|Any CPU
		{0A072D6F-719D-472A-8DD3-F3C3280FFF38}.Debug|Mixed Platforms.ActiveCfg = Default|Any CPU
		{0A072D6F-719D-472A-8DD3-F3C3280FFF38}.Debug|Mixed Platforms.Build.0 = Default|Any CPU
		{0A072D6F-719D-472A-8DD3-F3C3280FFF38}.Debug|Win32.ActiveCfg = Default|Any CPU
		{0A072D6F-719D-472A-8DD3-F3C3280FFF38}.Debug|Win32.Build.0 = Default|Any CPU
		{0A072D6F-719D-472A-8DD3-F3C3280FFF38}.Release|Any CPU.ActiveCfg = Default|Any CPU
		{0A072D6F-719D-472A-8DD3-F3C3280FFF38}.Release|Any CPU.Build.0 = Default|Any CPU
		{0A072D6F-719D-472A-8DD3-F3C3280FFF38}.Release|Mixed Platforms.ActiveCfg = Default|Any CPU
		{0A072D6F-719D-472A-8DD3-F3C3280FFF38}.Release|Mixed Platforms.Build.0 = Default|Any CPU
		{0A072D6F-719D-472A-8DD3-F3C3280FFF38}.Release|Win32.ActiveCfg = Default|Any CPU
		{0A072D6F-719D-472A-8DD3-F3C3280FFF38}.Release|Win32.Build.0 = Default|Any CPU
		{0A072D6F-719D-472A-8DD3-F3C3280FFF38}.Default|Any CPU.ActiveCfg = Default|Any CPU
		{0A072D6F-719D-472A-8DD3-F3C3280FFF38}.Default|Any CPU.Build.0 = Default|Any CPU
	EndGlobalSection
	GlobalSection(MonoDevelopProperties) = preSolution
		Policies = $0
		$0.TextStylePolicy = $1
		$1.scope = text/x-csharp
		$1.FileWidth = 80
		$1.TabsToSpaces = True
		$0.CSharpFormattingPolicy = $2
		$2.StatementBraceStyle = NextLine
		$2.ElseNewLinePlacement = NewLine
		$2.CatchNewLinePlacement = NewLine
		$2.FinallyNewLinePlacement = NewLine
		$2.WhileNewLinePlacement = DoNotCare
		$2.EmbeddedStatementPlacement = DoNotCare
		$2.BeforeMethodDeclarationParentheses = False
		$2.BeforeMethodCallParentheses = False
		$2.BeforeConstructorDeclarationParentheses = False
		$2.NewLineBeforeConstructorInitializerColon = NewLine
		$2.NewLineAfterConstructorInitializerColon = SameLine
		$2.BeforeDelegateDeclarationParentheses = False
		$2.AfterDelegateDeclarationParameterComma = True
		$2.NewParentheses = False
		$2.SpacesBeforeBrackets = False
		$2.SpacesBeforeArrayDeclarationBrackets = True
		$2.scope = text/x-csharp
		$0.TextStylePolicy = $3
		$3.scope = text/plain
		$3.FileWidth = 80
		$3.TabsToSpaces = True
	EndGlobalSection
	GlobalSection(SolutionProperties) = preSolution
		HideSolutionNode = FALSE
	EndGlobalSection
EndGlobal
