
Microsoft Visual Studio Solution File, Format Version 12.00
Project("{FAE04EC0-301F-11D3-BF4B-00C04F79EFBC}") = "FbxSharpTests", "FbxSharpTests\FbxSharpTests.csproj", "{9707E52B-11A5-4FC4-8997-B256263C3FF6}"
EndProject
Project("{FAE04EC0-301F-11D3-BF4B-00C04F79EFBC}") = "TestCaseGenerator", "TestCaseGenerator\TestCaseGenerator.csproj", "{707C5B46-379B-4668-B0A5-4AA97CFEFDAA}"
EndProject
Project("{FAE04EC0-301F-11D3-BF4B-00C04F79EFBC}") = "FbxPrint", "FbxPrint\FbxPrint.csproj", "{FCDEFA16-DF1A-4EC3-B0CA-D0B9CD6C2EB1}"
EndProject
Project("{FAE04EC0-301F-11D3-BF4B-00C04F79EFBC}") = "FbxCppTests", "FbxCppTests\FbxCppTests.csproj", "{437E8B3C-CCD7-451B-8424-40F7F2A250E4}"
EndProject
Project("{FAE04EC0-301F-11D3-BF4B-00C04F79EFBC}") = "fbxcppcommon", "fbxcppcommon\fbxcppcommon.csproj", "{56442575-A601-4EE0-BB47-0119FA1A907B}"
EndProject
Project("{FAE04EC0-301F-11D3-BF4B-00C04F79EFBC}") = "fbxcppcli", "fbxcppcli\fbxcppcli.csproj", "{35B1957A-914B-4D98-B580-86FEC7DD9441}"
EndProject
Project("{FAE04EC0-301F-11D3-BF4B-00C04F79EFBC}") = "FbxSharp", "FbxSharp\FbxSharp.csproj", "{6DA04319-5C68-4BA7-A198-CED79F341C2C}"
EndProject
Global
	GlobalSection(SolutionConfigurationPlatforms) = preSolution
		Debug|Any CPU = Debug|Any CPU
		Debug|Mixed Platforms = Debug|Mixed Platforms
		Debug|Win32 = Debug|Win32
		Release|Any CPU = Release|Any CPU
		Release|Mixed Platforms = Release|Mixed Platforms
		Release|Win32 = Release|Win32
		Default|Any CPU = Default|Any CPU
	EndGlobalSection
	GlobalSection(ProjectConfigurationPlatforms) = postSolution
		{9707E52B-11A5-4FC4-8997-B256263C3FF6}.Debug|Any CPU.ActiveCfg = Debug|Any CPU
		{9707E52B-11A5-4FC4-8997-B256263C3FF6}.Debug|Any CPU.Build.0 = Debug|Any CPU
		{9707E52B-11A5-4FC4-8997-B256263C3FF6}.Debug|Mixed Platforms.ActiveCfg = Debug|Any CPU
		{9707E52B-11A5-4FC4-8997-B256263C3FF6}.Debug|Mixed Platforms.Build.0 = Debug|Any CPU
		{9707E52B-11A5-4FC4-8997-B256263C3FF6}.Debug|Win32.ActiveCfg = Debug|Any CPU
		{9707E52B-11A5-4FC4-8997-B256263C3FF6}.Debug|Win32.Build.0 = Debug|Any CPU
		{9707E52B-11A5-4FC4-8997-B256263C3FF6}.Release|Any CPU.ActiveCfg = Release|Any CPU
		{9707E52B-11A5-4FC4-8997-B256263C3FF6}.Release|Any CPU.Build.0 = Release|Any CPU
		{9707E52B-11A5-4FC4-8997-B256263C3FF6}.Release|Mixed Platforms.ActiveCfg = Release|Any CPU
		{9707E52B-11A5-4FC4-8997-B256263C3FF6}.Release|Mixed Platforms.Build.0 = Release|Any CPU
		{9707E52B-11A5-4FC4-8997-B256263C3FF6}.Release|Win32.ActiveCfg = Release|Any CPU
		{9707E52B-11A5-4FC4-8997-B256263C3FF6}.Release|Win32.Build.0 = Release|Any CPU
		{9707E52B-11A5-4FC4-8997-B256263C3FF6}.Default|Any CPU.ActiveCfg = Debug|Any CPU
		{9707E52B-11A5-4FC4-8997-B256263C3FF6}.Default|Any CPU.Build.0 = Debug|Any CPU
		{707C5B46-379B-4668-B0A5-4AA97CFEFDAA}.Debug|Any CPU.ActiveCfg = Debug|Any CPU
		{707C5B46-379B-4668-B0A5-4AA97CFEFDAA}.Debug|Any CPU.Build.0 = Debug|Any CPU
		{707C5B46-379B-4668-B0A5-4AA97CFEFDAA}.Debug|Mixed Platforms.ActiveCfg = Debug|Any CPU
		{707C5B46-379B-4668-B0A5-4AA97CFEFDAA}.Debug|Mixed Platforms.Build.0 = Debug|Any CPU
		{707C5B46-379B-4668-B0A5-4AA97CFEFDAA}.Debug|Win32.ActiveCfg = Debug|Any CPU
		{707C5B46-379B-4668-B0A5-4AA97CFEFDAA}.Debug|Win32.Build.0 = Debug|Any CPU
		{707C5B46-379B-4668-B0A5-4AA97CFEFDAA}.Release|Any CPU.ActiveCfg = Release|Any CPU
		{707C5B46-379B-4668-B0A5-4AA97CFEFDAA}.Release|Any CPU.Build.0 = Release|Any CPU
		{707C5B46-379B-4668-B0A5-4AA97CFEFDAA}.Release|Mixed Platforms.ActiveCfg = Release|Any CPU
		{707C5B46-379B-4668-B0A5-4AA97CFEFDAA}.Release|Mixed Platforms.Build.0 = Release|Any CPU
		{707C5B46-379B-4668-B0A5-4AA97CFEFDAA}.Release|Win32.ActiveCfg = Release|Any CPU
		{707C5B46-379B-4668-B0A5-4AA97CFEFDAA}.Release|Win32.Build.0 = Release|Any CPU
		{707C5B46-379B-4668-B0A5-4AA97CFEFDAA}.Default|Any CPU.ActiveCfg = Debug|Any CPU
		{707C5B46-379B-4668-B0A5-4AA97CFEFDAA}.Default|Any CPU.Build.0 = Debug|Any CPU
		{FCDEFA16-DF1A-4EC3-B0CA-D0B9CD6C2EB1}.Debug|Any CPU.ActiveCfg = Debug|Any CPU
		{FCDEFA16-DF1A-4EC3-B0CA-D0B9CD6C2EB1}.Debug|Any CPU.Build.0 = Debug|Any CPU
		{FCDEFA16-DF1A-4EC3-B0CA-D0B9CD6C2EB1}.Debug|Mixed Platforms.ActiveCfg = Debug|Any CPU
		{FCDEFA16-DF1A-4EC3-B0CA-D0B9CD6C2EB1}.Debug|Mixed Platforms.Build.0 = Debug|Any CPU
		{FCDEFA16-DF1A-4EC3-B0CA-D0B9CD6C2EB1}.Debug|Win32.ActiveCfg = Debug|Any CPU
		{FCDEFA16-DF1A-4EC3-B0CA-D0B9CD6C2EB1}.Debug|Win32.Build.0 = Debug|Any CPU
		{FCDEFA16-DF1A-4EC3-B0CA-D0B9CD6C2EB1}.Release|Any CPU.ActiveCfg = Release|Any CPU
		{FCDEFA16-DF1A-4EC3-B0CA-D0B9CD6C2EB1}.Release|Any CPU.Build.0 = Release|Any CPU
		{FCDEFA16-DF1A-4EC3-B0CA-D0B9CD6C2EB1}.Release|Mixed Platforms.ActiveCfg = Release|Any CPU
		{FCDEFA16-DF1A-4EC3-B0CA-D0B9CD6C2EB1}.Release|Mixed Platforms.Build.0 = Release|Any CPU
		{FCDEFA16-DF1A-4EC3-B0CA-D0B9CD6C2EB1}.Release|Win32.ActiveCfg = Release|Any CPU
		{FCDEFA16-DF1A-4EC3-B0CA-D0B9CD6C2EB1}.Release|Win32.Build.0 = Release|Any CPU
		{FCDEFA16-DF1A-4EC3-B0CA-D0B9CD6C2EB1}.Default|Any CPU.ActiveCfg = Debug|Any CPU
		{FCDEFA16-DF1A-4EC3-B0CA-D0B9CD6C2EB1}.Default|Any CPU.Build.0 = Debug|Any CPU
		{437E8B3C-CCD7-451B-8424-40F7F2A250E4}.Debug|Any CPU.ActiveCfg = Debug|Any CPU
		{437E8B3C-CCD7-451B-8424-40F7F2A250E4}.Debug|Any CPU.Build.0 = Debug|Any CPU
		{437E8B3C-CCD7-451B-8424-40F7F2A250E4}.Debug|Mixed Platforms.ActiveCfg = Debug|Any CPU
		{437E8B3C-CCD7-451B-8424-40F7F2A250E4}.Debug|Mixed Platforms.Build.0 = Debug|Any CPU
		{437E8B3C-CCD7-451B-8424-40F7F2A250E4}.Debug|Win32.ActiveCfg = Debug|Any CPU
		{437E8B3C-CCD7-451B-8424-40F7F2A250E4}.Debug|Win32.Build.0 = Debug|Any CPU
		{437E8B3C-CCD7-451B-8424-40F7F2A250E4}.Release|Any CPU.ActiveCfg = Release|Any CPU
		{437E8B3C-CCD7-451B-8424-40F7F2A250E4}.Release|Any CPU.Build.0 = Release|Any CPU
		{437E8B3C-CCD7-451B-8424-40F7F2A250E4}.Release|Mixed Platforms.ActiveCfg = Release|Any CPU
		{437E8B3C-CCD7-451B-8424-40F7F2A250E4}.Release|Mixed Platforms.Build.0 = Release|Any CPU
		{437E8B3C-CCD7-451B-8424-40F7F2A250E4}.Release|Win32.ActiveCfg = Release|Any CPU
		{437E8B3C-CCD7-451B-8424-40F7F2A250E4}.Release|Win32.Build.0 = Release|Any CPU
		{437E8B3C-CCD7-451B-8424-40F7F2A250E4}.Default|Any CPU.ActiveCfg = Debug|Any CPU
		{437E8B3C-CCD7-451B-8424-40F7F2A250E4}.Default|Any CPU.Build.0 = Debug|Any CPU
		{56442575-A601-4EE0-BB47-0119FA1A907B}.Debug|Any CPU.ActiveCfg = Debug|Any CPU
		{56442575-A601-4EE0-BB47-0119FA1A907B}.Debug|Any CPU.Build.0 = Debug|Any CPU
		{56442575-A601-4EE0-BB47-0119FA1A907B}.Debug|Mixed Platforms.ActiveCfg = Debug|Any CPU
		{56442575-A601-4EE0-BB47-0119FA1A907B}.Debug|Mixed Platforms.Build.0 = Debug|Any CPU
		{56442575-A601-4EE0-BB47-0119FA1A907B}.Debug|Win32.ActiveCfg = Debug|Any CPU
		{56442575-A601-4EE0-BB47-0119FA1A907B}.Debug|Win32.Build.0 = Debug|Any CPU
		{56442575-A601-4EE0-BB47-0119FA1A907B}.Release|Any CPU.ActiveCfg = Release|Any CPU
		{56442575-A601-4EE0-BB47-0119FA1A907B}.Release|Any CPU.Build.0 = Release|Any CPU
		{56442575-A601-4EE0-BB47-0119FA1A907B}.Release|Mixed Platforms.ActiveCfg = Release|Any CPU
		{56442575-A601-4EE0-BB47-0119FA1A907B}.Release|Mixed Platforms.Build.0 = Release|Any CPU
		{56442575-A601-4EE0-BB47-0119FA1A907B}.Release|Win32.ActiveCfg = Release|Any CPU
		{56442575-A601-4EE0-BB47-0119FA1A907B}.Release|Win32.Build.0 = Release|Any CPU
		{56442575-A601-4EE0-BB47-0119FA1A907B}.Default|Any CPU.ActiveCfg = Debug|Any CPU
		{56442575-A601-4EE0-BB47-0119FA1A907B}.Default|Any CPU.Build.0 = Debug|Any CPU
		{35B1957A-914B-4D98-B580-86FEC7DD9441}.Debug|Any CPU.ActiveCfg = Debug|Any CPU
		{35B1957A-914B-4D98-B580-86FEC7DD9441}.Debug|Any CPU.Build.0 = Debug|Any CPU
		{35B1957A-914B-4D98-B580-86FEC7DD9441}.Debug|Mixed Platforms.ActiveCfg = Debug|Any CPU
		{35B1957A-914B-4D98-B580-86FEC7DD9441}.Debug|Mixed Platforms.Build.0 = Debug|Any CPU
		{35B1957A-914B-4D98-B580-86FEC7DD9441}.Debug|Win32.ActiveCfg = Debug|Any CPU
		{35B1957A-914B-4D98-B580-86FEC7DD9441}.Debug|Win32.Build.0 = Debug|Any CPU
		{35B1957A-914B-4D98-B580-86FEC7DD9441}.Release|Any CPU.ActiveCfg = Release|Any CPU
		{35B1957A-914B-4D98-B580-86FEC7DD9441}.Release|Any CPU.Build.0 = Release|Any CPU
		{35B1957A-914B-4D98-B580-86FEC7DD9441}.Release|Mixed Platforms.ActiveCfg = Release|Any CPU
		{35B1957A-914B-4D98-B580-86FEC7DD9441}.Release|Mixed Platforms.Build.0 = Release|Any CPU
		{35B1957A-914B-4D98-B580-86FEC7DD9441}.Release|Win32.ActiveCfg = Release|Any CPU
		{35B1957A-914B-4D98-B580-86FEC7DD9441}.Release|Win32.Build.0 = Release|Any CPU
		{35B1957A-914B-4D98-B580-86FEC7DD9441}.Default|Any CPU.ActiveCfg = Debug|Any CPU
		{35B1957A-914B-4D98-B580-86FEC7DD9441}.Default|Any CPU.Build.0 = Debug|Any CPU
		{6DA04319-5C68-4BA7-A198-CED79F341C2C}.Debug|Any CPU.ActiveCfg = Debug|Any CPU
		{6DA04319-5C68-4BA7-A198-CED79F341C2C}.Debug|Any CPU.Build.0 = Debug|Any CPU
		{6DA04319-5C68-4BA7-A198-CED79F341C2C}.Debug|Mixed Platforms.ActiveCfg = Debug|Any CPU
		{6DA04319-5C68-4BA7-A198-CED79F341C2C}.Debug|Mixed Platforms.Build.0 = Debug|Any CPU
		{6DA04319-5C68-4BA7-A198-CED79F341C2C}.Debug|Win32.ActiveCfg = Debug|Any CPU
		{6DA04319-5C68-4BA7-A198-CED79F341C2C}.Debug|Win32.Build.0 = Debug|Any CPU
		{6DA04319-5C68-4BA7-A198-CED79F341C2C}.Release|Any CPU.ActiveCfg = Release|Any CPU
		{6DA04319-5C68-4BA7-A198-CED79F341C2C}.Release|Any CPU.Build.0 = Release|Any CPU
		{6DA04319-5C68-4BA7-A198-CED79F341C2C}.Release|Mixed Platforms.ActiveCfg = Release|Any CPU
		{6DA04319-5C68-4BA7-A198-CED79F341C2C}.Release|Mixed Platforms.Build.0 = Release|Any CPU
		{6DA04319-5C68-4BA7-A198-CED79F341C2C}.Release|Win32.ActiveCfg = Release|Any CPU
		{6DA04319-5C68-4BA7-A198-CED79F341C2C}.Release|Win32.Build.0 = Release|Any CPU
		{6DA04319-5C68-4BA7-A198-CED79F341C2C}.Default|Any CPU.ActiveCfg = Debug|Any CPU
		{6DA04319-5C68-4BA7-A198-CED79F341C2C}.Default|Any CPU.Build.0 = Debug|Any CPU
	EndGlobalSection
	GlobalSection(MonoDevelopProperties) = preSolution
		Policies = $0
		$0.TextStylePolicy = $1
		$1.scope = text/x-csharp
		$1.FileWidth = 80
		$1.TabsToSpaces = True
		$0.CSharpFormattingPolicy = $2
		$2.StatementBraceStyle = NextLine
		$2.ElseNewLinePlacement = NewLine
		$2.CatchNewLinePlacement = NewLine
		$2.FinallyNewLinePlacement = NewLine
		$2.WhileNewLinePlacement = DoNotCare
		$2.EmbeddedStatementPlacement = DoNotCare
		$2.BeforeMethodDeclarationParentheses = False
		$2.BeforeMethodCallParentheses = False
		$2.BeforeConstructorDeclarationParentheses = False
		$2.NewLineBeforeConstructorInitializerColon = NewLine
		$2.NewLineAfterConstructorInitializerColon = SameLine
		$2.BeforeDelegateDeclarationParentheses = False
		$2.AfterDelegateDeclarationParameterComma = True
		$2.NewParentheses = False
		$2.SpacesBeforeBrackets = False
		$2.SpacesBeforeArrayDeclarationBrackets = True
		$2.scope = text/x-csharp
		$0.TextStylePolicy = $3
		$3.scope = text/plain
		$3.FileWidth = 80
		$3.TabsToSpaces = True
	EndGlobalSection
	GlobalSection(SolutionProperties) = preSolution
		HideSolutionNode = FALSE
	EndGlobalSection
EndGlobal
